{
  "lockfile_version": "1",
  "packages": {
    "github:NixOS/nixpkgs/nixpkgs-unstable": {
      "last_modified": "2026-05-29T05:01:12Z",
      "resolved": "github:NixOS/nixpkgs/e9a7635a57597d9754eccebdfc7045e6c8600e6b?lastModified=1780030872&narHash=sha256-u6WU%2Fyd%2Fo8iYQrHX3RAwO1hYa3LkoSL%2BWNQD0rJfJZQ%3D"
    },
    "nodejs@22": {
      "last_modified": "2026-05-21T08:15:18Z",
      "plugin_version": "0.0.2",
      "resolved": "github:NixOS/nixpkgs/4a29d733e8a7d5b824c3d8c958a946a9867b3eb2#nodejs_22",
      "source": "devbox-search",
      "version": "22.22.3",
      "systems": {
        "aarch64-darwin": {
          "outputs": [
            {
              "name": "out",
              "path": "/nix/store/k1yy2d1h7pvpac7m14vmaw23j529fpza-nodejs-22.22.3",
              "default": true
            }
          ],
          "store_path": "/nix/store/k1yy2d1h7pvpac7m14vmaw23j529fpza-nodejs-22.22.3"
        },
        "aarch64-linux": {
          "outputs": [
            {
              "name": "out",
              "path": "/nix/store/d8zana2n6i904c088i533ivg1j817x8v-nodejs-22.22.3",
              "default": true
            }
          ],
          "store_path": "/nix/store/d8zana2n6i904c088i533ivg1j817x8v-nodejs-22.22.3"
        },
        "x86_64-darwin": {
          "outputs": [
            {
              "name": "out",
              "path": "/nix/store/9yvmgryhhwnswgaji30cpw4m9swhv1ia-nodejs-22.22.3",
              "default": true
            }
          ],
          "store_path": "/nix/store/9yvmgryhhwnswgaji30cpw4m9swhv1ia-nodejs-22.22.3"
        },
        "x86_64-linux": {
          "outputs": [
            {
              "name": "out",
              "path": "/nix/store/ac9bklddx1klg92hj7r08xmpky1nwag2-nodejs-22.22.3",
              "default": true
            }
          ],
          "store_path": "/nix/store/ac9bklddx1klg92hj7r08xmpky1nwag2-nodejs-22.22.3"
        }
      }
    },
    "pnpm@10": {
      "last_modified": "2026-05-11T00:16:55Z",
      "resolved": "github:NixOS/nixpkgs/c6e5ca3c836a5f4dd9af9f2c1fc1c38f0fac988a#pnpm",
      "source": "devbox-search",
      "version": "10.33.4",
      "systems": {
        "aarch64-darwin": {
          "outputs": [
            {
              "name": "out",
              "path": "/nix/store/m1y1qai447mysk42lrs86iaf1l57p117-pnpm-10.33.4",
              "default": true
            }
          ],
          "store_path": "/nix/store/m1y1qai447mysk42lrs86iaf1l57p117-pnpm-10.33.4"
        },
        "aarch64-linux": {
          "outputs": [
            {
              "name": "out",
              "path": "/nix/store/khgb04xfwvdgqs1kap5gj7lk355vwmqx-pnpm-10.33.4",
              "default": true
            }
          ],
          "store_path": "/nix/store/khgb04xfwvdgqs1kap5gj7lk355vwmqx-pnpm-10.33.4"
        },
        "x86_64-darwin": {
          "outputs": [
            {
              "name": "out",
              "path": "/nix/store/ff6h062vrsa3p95jjmz61xcdsf8hvdqc-pnpm-10.33.4",
              "default": true
            }
          ],
          "store_path": "/nix/store/ff6h062vrsa3p95jjmz61xcdsf8hvdqc-pnpm-10.33.4"
        },
        "x86_64-linux": {
          "outputs": [
            {
              "name": "out",
              "path": "/nix/store/7whan4770j2xszy0ncpjkbbcjwxngr2i-pnpm-10.33.4",
              "default": true
            }
          ],
          "store_path": "/nix/store/7whan4770j2xszy0ncpjkbbcjwxngr2i-pnpm-10.33.4"
        }
      }
    },
    "sqlite@latest": {
      "last_modified": "2026-05-27T10:28:13Z",
      "resolved": "github:NixOS/nixpkgs/4100e830e085863741bc69b156ec4ccd53ab5be0#sqlite",
      "source": "devbox-search",
      "version": "3.51.2",
      "systems": {
        "aarch64-darwin": {
          "outputs": [
            {
              "name": "bin",
              "path": "/nix/store/0hzmsbn5h50x7iyz1h5svbr68hppyicy-sqlite-3.51.2-bin",
              "default": true
            },
            {
              "name": "man",
              "path": "/nix/store/qphw01l88sf9qh98rmjcd7g8bli39n8p-sqlite-3.51.2-man",
              "default": true
            },
            {
              "name": "dev",
              "path": "/nix/store/hkyi5gi52z06hyfpcr73pc0wxdm2hx22-sqlite-3.51.2-dev"
            },
            {
              "name": "doc",
              "path": "/nix/store/x2i30lzzwyscg9z3sir0ykx818npi760-sqlite-3.51.2-doc"
            },
            {
              "name": "out",
              "path": "/nix/store/dv84ssvw208w1h2qmak900apymwggm5f-sqlite-3.51.2"
            }
          ],
          "store_path": "/nix/store/0hzmsbn5h50x7iyz1h5svbr68hppyicy-sqlite-3.51.2-bin"
        },
        "aarch64-linux": {
          "outputs": [
            {
              "name": "bin",
              "path": "/nix/store/p3iz4w8ng3azif27cphwr26074bivii1-sqlite-3.51.2-bin",
              "default": true
            },
            {
              "name": "man",
              "path": "/nix/store/xv8q7a8pw2k4zkrxcs80zdcvvf6n91m8-sqlite-3.51.2-man",
              "default": true
            },
            {
              "name": "debug",
              "path": "/nix/store/92njfjkiz3wx3sjm99phcxy156rfl1il-sqlite-3.51.2-debug"
            },
            {
              "name": "dev",
              "path": "/nix/store/cwvwakwfva19djhmcaw4jwngndg73dsn-sqlite-3.51.2-dev"
            },
            {
              "name": "doc",
              "path": "/nix/store/m5va83dwh5aqzfazdjaq7ccngplbb6pk-sqlite-3.51.2-doc"
            },
            {
              "name": "out",
              "path": "/nix/store/21n4shvipqcp9cdznjbj2y52z0kkjlf3-sqlite-3.51.2"
            }
          ],
          "store_path": "/nix/store/p3iz4w8ng3azif27cphwr26074bivii1-sqlite-3.51.2-bin"
        },
        "x86_64-darwin": {
          "outputs": [
            {
              "name": "bin",
              "path": "/nix/store/p1gc2yzkv9940phryxbv4qlb3ia9nshv-sqlite-3.51.2-bin",
              "default": true
            },
            {
              "name": "man",
              "path": "/nix/store/2ljcabmwvfrpgma42nr2sq64qyqni05b-sqlite-3.51.2-man",
              "default": true
            },
            {
              "name": "dev",
              "path": "/nix/store/4n81ivpa1wk2blrhz5d53hzdnz3cizx2-sqlite-3.51.2-dev"
            },
            {
              "name": "doc",
              "path": "/nix/store/ak41pb3i4iyqpxv4sfacwfrq60awvhml-sqlite-3.51.2-doc"
            },
            {
              "name": "out",
              "path": "/nix/store/h0rm8dk8ixjna1z6dmhl2qyllhjmfijx-sqlite-3.51.2"
            }
          ],
          "store_path": "/nix/store/p1gc2yzkv9940phryxbv4qlb3ia9nshv-sqlite-3.51.2-bin"
        },
        "x86_64-linux": {
          "outputs": [
            {
              "name": "bin",
              "path": "/nix/store/jl35p88sb0jjm11sr2p9v37q6hm3c6pm-sqlite-3.51.2-bin",
              "default": true
            },
            {
              "name": "man",
              "path": "/nix/store/i4jxf27jfv2hrj68m2b3qy5b9q27p9xj-sqlite-3.51.2-man",
              "default": true
            },
            {
              "name": "doc",
              "path": "/nix/store/bc6wa5rbapbam6vq11kishrh8yg48zxj-sqlite-3.51.2-doc"
            },
            {
              "name": "out",
              "path": "/nix/store/yg1gv8db04ldrnmdhykq8zjqqg6pg5kd-sqlite-3.51.2"
            },
            {
              "name": "debug",
              "path": "/nix/store/anbrfwxcbxj6y2n541mnazq5ijsa44bk-sqlite-3.51.2-debug"
            },
            {
              "name": "dev",
              "path": "/nix/store/vyd6g9viqafhzr97dq8zsbksdf4w5avm-sqlite-3.51.2-dev"
            }
          ],
          "store_path": "/nix/store/jl35p88sb0jjm11sr2p9v37q6hm3c6pm-sqlite-3.51.2-bin"
        }
      }
    }
  }
}
